{
  "originHash" : "6dab35764b25d650a4b6aed3a8feeffa5d8eef404ba9c0d5389a409f550270fc",
  "pins" : [
    {
      "identity" : "significanthobbies",
      "kind" : "remoteSourceControl",
      "location" : "https://github.com/Significant-Hobbies/significanthobbies.git",
      "state" : {
        "revision" : "07215ed888533931918ca9f095f2638126e2323a"
      }
    }
  ],
  "version" : 3
}
